
Microsoft Visual Studio Solution File, Format Version 12.00
Project("{FAE04EC0-301F-11D3-BF4B-00C04F79EFBC}") = "PRG2_T07_Team12", "PRG2_T07_Team12\PRG2_T07_Team12.csproj", "{7E11DE7D-9346-470A-8FD2-88C4B53B8807}"
EndProject
Global
	GlobalSection(SolutionConfigurationPlatforms) = preSolution
		Debug|Any CPU = Debug|Any CPU
		Release|Any CPU = Release|Any CPU
	EndGlobalSection
	GlobalSection(ProjectConfigurationPlatforms) = postSolution
		{7E11DE7D-9346-470A-8FD2-88C4B53B8807}.Debug|Any CPU.ActiveCfg = Debug|Any CPU
		{7E11DE7D-9346-470A-8FD2-88C4B53B8807}.Debug|Any CPU.Build.0 = Debug|Any CPU
		{7E11DE7D-9346-470A-8FD2-88C4B53B8807}.Release|Any CPU.ActiveCfg = Release|Any CPU
		{7E11DE7D-9346-470A-8FD2-88C4B53B8807}.Release|Any CPU.Build.0 = Release|Any CPU
	EndGlobalSection
EndGlobal
